// !$*UTF8*$!
{
	archiveVersion = 1;
	classes = {
	};
	objectVersion = 48;
	objects = {

/* Begin PBXBuildFile section */
		7CC3270B60E043799B03E70F /* Pods_mlExample.framework in Frameworks */ = {isa = PBXBuildFile; fileRef = 2B6FF341091550D23A012BEA /* Pods_mlExample.framework */; };
		D93D4B531F670C5C00E52917 /* RecognizerImageViewModel.swift in Sources */ = {isa = PBXBuildFile; fileRef = D93D4B521F670C5C00E52917 /* RecognizerImageViewModel.swift */; };
		D93D4B571F67169400E52917 /* RecognizerImageViewController.swift in Sources */ = {isa = PBXBuildFile; fileRef = D93D4B561F67169400E52917 /* RecognizerImageViewController.swift */; };
		D93D4B591F6716AC00E52917 /* RecognizerImage.storyboard in Resources */ = {isa = PBXBuildFile; fileRef = D93D4B581F6716AC00E52917 /* RecognizerImage.storyboard */; };
		D93D4B5C1F67171A00E52917 /* StoryboardManager.swift in Sources */ = {isa = PBXBuildFile; fileRef = D93D4B5B1F67171A00E52917 /* StoryboardManager.swift */; };
		D97ED2801F66CA1B00FEFACD /* AppDelegate.swift in Sources */ = {isa = PBXBuildFile; fileRef = D97ED27F1F66CA1B00FEFACD /* AppDelegate.swift */; };
		D97ED2871F66CA1B00FEFACD /* Assets.xcassets in Resources */ = {isa = PBXBuildFile; fileRef = D97ED2861F66CA1B00FEFACD /* Assets.xcassets */; };
		D97ED28A1F66CA1B00FEFACD /* LaunchScreen.storyboard in Resources */ = {isa = PBXBuildFile; fileRef = D97ED2881F66CA1B00FEFACD /* LaunchScreen.storyboard */; };
		D97ED2981F66CC9D00FEFACD /* GetImage.storyboard in Resources */ = {isa = PBXBuildFile; fileRef = D97ED2971F66CC9D00FEFACD /* GetImage.storyboard */; };
		D97ED29A1F66CCC100FEFACD /* GetImageViewController.swift in Sources */ = {isa = PBXBuildFile; fileRef = D97ED2991F66CCC100FEFACD /* GetImageViewController.swift */; };
		D9D3499C1F6AC13500B8D756 /* Inceptionv3.mlmodel in Sources */ = {isa = PBXBuildFile; fileRef = D9D3499A1F6AC12000B8D756 /* Inceptionv3.mlmodel */; };
		D9D349A01F6AC60000B8D756 /* CameraCapture.swift in Sources */ = {isa = PBXBuildFile; fileRef = D9D3499F1F6AC60000B8D756 /* CameraCapture.swift */; };
		D9D349A21F6ACE7A00B8D756 /* RealTime.storyboard in Resources */ = {isa = PBXBuildFile; fileRef = D9D349A11F6ACE7A00B8D756 /* RealTime.storyboard */; };
		D9D349A61F6ACEB200B8D756 /* RealTimeViewController.swift in Sources */ = {isa = PBXBuildFile; fileRef = D9D349A51F6ACEB200B8D756 /* RealTimeViewController.swift */; };
		D9D349A81F6AD99000B8D756 /* CVImageBuffer+UIImage.swift in Sources */ = {isa = PBXBuildFile; fileRef = D9D349A71F6AD99000B8D756 /* CVImageBuffer+UIImage.swift */; };
/* End PBXBuildFile section */

/* Begin PBXFileReference section */
		036C8B4A142588D74968202B /* Pods-mlExample.debug.xcconfig */ = {isa = PBXFileReference; includeInIndex = 1; lastKnownFileType = text.xcconfig; name = "Pods-mlExample.debug.xcconfig"; path = "Pods/Target Support Files/Pods-mlExample/Pods-mlExample.debug.xcconfig"; sourceTree = "<group>"; };
		2A6DC0F01E8681A9FBD2269F /* Pods-mlExample.release.xcconfig */ = {isa = PBXFileReference; includeInIndex = 1; lastKnownFileType = text.xcconfig; name = "Pods-mlExample.release.xcconfig"; path = "Pods/Target Support Files/Pods-mlExample/Pods-mlExample.release.xcconfig"; sourceTree = "<group>"; };
		2B6FF341091550D23A012BEA /* Pods_mlExample.framework */ = {isa = PBXFileReference; explicitFileType = wrapper.framework; includeInIndex = 0; path = Pods_mlExample.framework; sourceTree = BUILT_PRODUCTS_DIR; };
		D93D4B521F670C5C00E52917 /* RecognizerImageViewModel.swift */ = {isa = PBXFileReference; lastKnownFileType = sourcecode.swift; path = RecognizerImageViewModel.swift; sourceTree = "<group>"; };
		D93D4B561F67169400E52917 /* RecognizerImageViewController.swift */ = {isa = PBXFileReference; lastKnownFileType = sourcecode.swift; path = RecognizerImageViewController.swift; sourceTree = "<group>"; };
		D93D4B581F6716AC00E52917 /* RecognizerImage.storyboard */ = {isa = PBXFileReference; lastKnownFileType = file.storyboard; path = RecognizerImage.storyboard; sourceTree = "<group>"; };
		D93D4B5B1F67171A00E52917 /* StoryboardManager.swift */ = {isa = PBXFileReference; lastKnownFileType = sourcecode.swift; path = StoryboardManager.swift; sourceTree = "<group>"; };
		D97ED27C1F66CA1B00FEFACD /* mlExample.app */ = {isa = PBXFileReference; explicitFileType = wrapper.application; includeInIndex = 0; path = mlExample.app; sourceTree = BUILT_PRODUCTS_DIR; };
		D97ED27F1F66CA1B00FEFACD /* AppDelegate.swift */ = {isa = PBXFileReference; lastKnownFileType = sourcecode.swift; path = AppDelegate.swift; sourceTree = "<group>"; };
		D97ED2861F66CA1B00FEFACD /* Assets.xcassets */ = {isa = PBXFileReference; lastKnownFileType = folder.assetcatalog; path = Assets.xcassets; sourceTree = "<group>"; };
		D97ED2891F66CA1B00FEFACD /* Base */ = {isa = PBXFileReference; lastKnownFileType = file.storyboard; name = Base; path = Base.lproj/LaunchScreen.storyboard; sourceTree = "<group>"; };
		D97ED28B1F66CA1B00FEFACD /* Info.plist */ = {isa = PBXFileReference; lastKnownFileType = text.plist.xml; path = Info.plist; sourceTree = "<group>"; };
		D97ED2971F66CC9D00FEFACD /* GetImage.storyboard */ = {isa = PBXFileReference; lastKnownFileType = file.storyboard; path = GetImage.storyboard; sourceTree = "<group>"; };
		D97ED2991F66CCC100FEFACD /* GetImageViewController.swift */ = {isa = PBXFileReference; lastKnownFileType = sourcecode.swift; path = GetImageViewController.swift; sourceTree = "<group>"; };
		D9D3499A1F6AC12000B8D756 /* Inceptionv3.mlmodel */ = {isa = PBXFileReference; lastKnownFileType = file.mlmodel; path = Inceptionv3.mlmodel; sourceTree = "<group>"; };
		D9D3499F1F6AC60000B8D756 /* CameraCapture.swift */ = {isa = PBXFileReference; lastKnownFileType = sourcecode.swift; path = CameraCapture.swift; sourceTree = "<group>"; };
		D9D349A11F6ACE7A00B8D756 /* RealTime.storyboard */ = {isa = PBXFileReference; lastKnownFileType = file.storyboard; path = RealTime.storyboard; sourceTree = "<group>"; };
		D9D349A51F6ACEB200B8D756 /* RealTimeViewController.swift */ = {isa = PBXFileReference; lastKnownFileType = sourcecode.swift; path = RealTimeViewController.swift; sourceTree = "<group>"; };
		D9D349A71F6AD99000B8D756 /* CVImageBuffer+UIImage.swift */ = {isa = PBXFileReference; lastKnownFileType = sourcecode.swift; path = "CVImageBuffer+UIImage.swift"; sourceTree = "<group>"; };
/* End PBXFileReference section */

/* Begin PBXFrameworksBuildPhase section */
		D97ED2791F66CA1B00FEFACD /* Frameworks */ = {
			isa = PBXFrameworksBuildPhase;
			buildActionMask = 2147483647;
			files = (
				7CC3270B60E043799B03E70F /* Pods_mlExample.framework in Frameworks */,
			);
			runOnlyForDeploymentPostprocessing = 0;
		};
/* End PBXFrameworksBuildPhase section */

/* Begin PBXGroup section */
		7056E50C289B06D1E36F317A /* Frameworks */ = {
			isa = PBXGroup;
			children = (
				2B6FF341091550D23A012BEA /* Pods_mlExample.framework */,
			);
			name = Frameworks;
			sourceTree = "<group>";
		};
		9ACB07ECB1384D91BD5CCD04 /* Pods */ = {
			isa = PBXGroup;
			children = (
				036C8B4A142588D74968202B /* Pods-mlExample.debug.xcconfig */,
				2A6DC0F01E8681A9FBD2269F /* Pods-mlExample.release.xcconfig */,
			);
			name = Pods;
			sourceTree = "<group>";
		};
		D93D4B4D1F67076F00E52917 /* RecognizeImageViewController */ = {
			isa = PBXGroup;
			children = (
				D93D4B551F67167200E52917 /* View */,
				D93D4B541F67166A00E52917 /* ViewController */,
				D93D4B511F670C2E00E52917 /* ViewModel */,
			);
			path = RecognizeImageViewController;
			sourceTree = "<group>";
		};
		D93D4B511F670C2E00E52917 /* ViewModel */ = {
			isa = PBXGroup;
			children = (
				D93D4B521F670C5C00E52917 /* RecognizerImageViewModel.swift */,
			);
			path = ViewModel;
			sourceTree = "<group>";
		};
		D93D4B541F67166A00E52917 /* ViewController */ = {
			isa = PBXGroup;
			children = (
				D93D4B561F67169400E52917 /* RecognizerImageViewController.swift */,
			);
			path = ViewController;
			sourceTree = "<group>";
		};
		D93D4B551F67167200E52917 /* View */ = {
			isa = PBXGroup;
			children = (
				D93D4B581F6716AC00E52917 /* RecognizerImage.storyboard */,
			);
			path = View;
			sourceTree = "<group>";
		};
		D93D4B5A1F6716E700E52917 /* Utilities */ = {
			isa = PBXGroup;
			children = (
				D93D4B5B1F67171A00E52917 /* StoryboardManager.swift */,
				D9D349A71F6AD99000B8D756 /* CVImageBuffer+UIImage.swift */,
			);
			path = Utilities;
			sourceTree = "<group>";
		};
		D97ED2731F66CA1A00FEFACD = {
			isa = PBXGroup;
			children = (
				D97ED27E1F66CA1B00FEFACD /* mlExample */,
				D97ED27D1F66CA1B00FEFACD /* Products */,
				9ACB07ECB1384D91BD5CCD04 /* Pods */,
				7056E50C289B06D1E36F317A /* Frameworks */,
			);
			sourceTree = "<group>";
		};
		D97ED27D1F66CA1B00FEFACD /* Products */ = {
			isa = PBXGroup;
			children = (
				D97ED27C1F66CA1B00FEFACD /* mlExample.app */,
			);
			name = Products;
			sourceTree = "<group>";
		};
		D97ED27E1F66CA1B00FEFACD /* mlExample */ = {
			isa = PBXGroup;
			children = (
				D9D3499D1F6AC31300B8D756 /* RealTime */,
				D93D4B5A1F6716E700E52917 /* Utilities */,
				D93D4B4D1F67076F00E52917 /* RecognizeImageViewController */,
				D97ED2941F66CC5B00FEFACD /* GetImageViewContoller */,
				D97ED2911F66CBF200FEFACD /* ML Model */,
				D97ED27F1F66CA1B00FEFACD /* AppDelegate.swift */,
				D97ED2861F66CA1B00FEFACD /* Assets.xcassets */,
				D97ED2881F66CA1B00FEFACD /* LaunchScreen.storyboard */,
				D97ED28B1F66CA1B00FEFACD /* Info.plist */,
			);
			path = mlExample;
			sourceTree = "<group>";
		};
		D97ED2911F66CBF200FEFACD /* ML Model */ = {
			isa = PBXGroup;
			children = (
				D9D3499A1F6AC12000B8D756 /* Inceptionv3.mlmodel */,
			);
			path = "ML Model";
			sourceTree = "<group>";
		};
		D97ED2941F66CC5B00FEFACD /* GetImageViewContoller */ = {
			isa = PBXGroup;
			children = (
				D97ED2961F66CC8300FEFACD /* View */,
				D97ED2951F66CC7B00FEFACD /* ViewController */,
			);
			path = GetImageViewContoller;
			sourceTree = "<group>";
		};
		D97ED2951F66CC7B00FEFACD /* ViewController */ = {
			isa = PBXGroup;
			children = (
				D97ED2991F66CCC100FEFACD /* GetImageViewController.swift */,
			);
			path = ViewController;
			sourceTree = "<group>";
		};
		D97ED2961F66CC8300FEFACD /* View */ = {
			isa = PBXGroup;
			children = (
				D97ED2971F66CC9D00FEFACD /* GetImage.storyboard */,
			);
			path = View;
			sourceTree = "<group>";
		};
		D9D3499D1F6AC31300B8D756 /* RealTime */ = {
			isa = PBXGroup;
			children = (
				D9D349A41F6ACE9900B8D756 /* ViewController */,
				D9D349A31F6ACE7E00B8D756 /* View */,
				D9D3499E1F6AC55D00B8D756 /* Capture */,
			);
			path = RealTime;
			sourceTree = "<group>";
		};
		D9D3499E1F6AC55D00B8D756 /* Capture */ = {
			isa = PBXGroup;
			children = (
				D9D3499F1F6AC60000B8D756 /* CameraCapture.swift */,
			);
			path = Capture;
			sourceTree = "<group>";
		};
		D9D349A31F6ACE7E00B8D756 /* View */ = {
			isa = PBXGroup;
			children = (
				D9D349A11F6ACE7A00B8D756 /* RealTime.storyboard */,
			);
			path = View;
			sourceTree = "<group>";
		};
		D9D349A41F6ACE9900B8D756 /* ViewController */ = {
			isa = PBXGroup;
			children = (
				D9D349A51F6ACEB200B8D756 /* RealTimeViewController.swift */,
			);
			path = ViewController;
			sourceTree = "<group>";
		};
/* End PBXGroup section */

/* Begin PBXNativeTarget section */
		D97ED27B1F66CA1B00FEFACD /* mlExample */ = {
			isa = PBXNativeTarget;
			buildConfigurationList = D97ED28E1F66CA1B00FEFACD /* Build configuration list for PBXNativeTarget "mlExample" */;
			buildPhases = (
				F30F1E609CCCD72E49AFEA49 /* [CP] Check Pods Manifest.lock */,
				D97ED2781F66CA1B00FEFACD /* Sources */,
				D97ED2791F66CA1B00FEFACD /* Frameworks */,
				D97ED27A1F66CA1B00FEFACD /* Resources */,
				6A0ED5B2B7244CB47E34F019 /* [CP] Embed Pods Frameworks */,
				E4F35BC6118A2ADAC755EFF1 /* [CP] Copy Pods Resources */,
			);
			buildRules = (
			);
			dependencies = (
			);
			name = mlExample;
			productName = mlExample;
			productReference = D97ED27C1F66CA1B00FEFACD /* mlExample.app */;
			productType = "com.apple.product-type.application";
		};
/* End PBXNativeTarget section */

/* Begin PBXProject section */
		D97ED2741F66CA1A00FEFACD /* Project object */ = {
			isa = PBXProject;
			attributes = {
				LastSwiftUpdateCheck = 0900;
				LastUpgradeCheck = 0900;
				ORGANIZATIONNAME = "Gilbert Gwizdała";
				TargetAttributes = {
					D97ED27B1F66CA1B00FEFACD = {
						CreatedOnToolsVersion = 9.0;
						ProvisioningStyle = Automatic;
					};
				};
			};
			buildConfigurationList = D97ED2771F66CA1A00FEFACD /* Build configuration list for PBXProject "mlExample" */;
			compatibilityVersion = "Xcode 8.0";
			developmentRegion = en;
			hasScannedForEncodings = 0;
			knownRegions = (
				en,
				Base,
			);
			mainGroup = D97ED2731F66CA1A00FEFACD;
			productRefGroup = D97ED27D1F66CA1B00FEFACD /* Products */;
			projectDirPath = "";
			projectRoot = "";
			targets = (
				D97ED27B1F66CA1B00FEFACD /* mlExample */,
			);
		};
/* End PBXProject section */

/* Begin PBXResourcesBuildPhase section */
		D97ED27A1F66CA1B00FEFACD /* Resources */ = {
			isa = PBXResourcesBuildPhase;
			buildActionMask = 2147483647;
			files = (
				D93D4B591F6716AC00E52917 /* RecognizerImage.storyboard in Resources */,
				D97ED2981F66CC9D00FEFACD /* GetImage.storyboard in Resources */,
				D9D349A21F6ACE7A00B8D756 /* RealTime.storyboard in Resources */,
				D97ED28A1F66CA1B00FEFACD /* LaunchScreen.storyboard in Resources */,
				D97ED2871F66CA1B00FEFACD /* Assets.xcassets in Resources */,
			);
			runOnlyForDeploymentPostprocessing = 0;
		};
/* End PBXResourcesBuildPhase section */

/* Begin PBXShellScriptBuildPhase section */
		6A0ED5B2B7244CB47E34F019 /* [CP] Embed Pods Frameworks */ = {
			isa = PBXShellScriptBuildPhase;
			buildActionMask = 2147483647;
			files = (
			);
			inputPaths = (
				"${SRCROOT}/Pods/Target Support Files/Pods-mlExample/Pods-mlExample-frameworks.sh",
				"${BUILT_PRODUCTS_DIR}/RxCocoa/RxCocoa.framework",
				"${BUILT_PRODUCTS_DIR}/RxSwift/RxSwift.framework",
			);
			name = "[CP] Embed Pods Frameworks";
			outputPaths = (
				"${TARGET_BUILD_DIR}/${FRAMEWORKS_FOLDER_PATH}/RxCocoa.framework",
				"${TARGET_BUILD_DIR}/${FRAMEWORKS_FOLDER_PATH}/RxSwift.framework",
			);
			runOnlyForDeploymentPostprocessing = 0;
			shellPath = /bin/sh;
			shellScript = "\"${SRCROOT}/Pods/Target Support Files/Pods-mlExample/Pods-mlExample-frameworks.sh\"\n";
			showEnvVarsInLog = 0;
		};
		E4F35BC6118A2ADAC755EFF1 /* [CP] Copy Pods Resources */ = {
			isa = PBXShellScriptBuildPhase;
			buildActionMask = 2147483647;
			files = (
			);
			inputPaths = (
			);
			name = "[CP] Copy Pods Resources";
			outputPaths = (
			);
			runOnlyForDeploymentPostprocessing = 0;
			shellPath = /bin/sh;
			shellScript = "\"${SRCROOT}/Pods/Target Support Files/Pods-mlExample/Pods-mlExample-resources.sh\"\n";
			showEnvVarsInLog = 0;
		};
		F30F1E609CCCD72E49AFEA49 /* [CP] Check Pods Manifest.lock */ = {
			isa = PBXShellScriptBuildPhase;
			buildActionMask = 2147483647;
			files = (
			);
			inputPaths = (
				"${PODS_PODFILE_DIR_PATH}/Podfile.lock",
				"${PODS_ROOT}/Manifest.lock",
			);
			name = "[CP] Check Pods Manifest.lock";
			outputPaths = (
				"$(DERIVED_FILE_DIR)/Pods-mlExample-checkManifestLockResult.txt",
			);
			runOnlyForDeploymentPostprocessing = 0;
			shellPath = /bin/sh;
			shellScript = "diff \"${PODS_PODFILE_DIR_PATH}/Podfile.lock\" \"${PODS_ROOT}/Manifest.lock\" > /dev/null\nif [ $? != 0 ] ; then\n    # print error to STDERR\n    echo \"error: The sandbox is not in sync with the Podfile.lock. Run 'pod install' or update your CocoaPods installation.\" >&2\n    exit 1\nfi\n# This output is used by Xcode 'outputs' to avoid re-running this script phase.\necho \"SUCCESS\" > \"${SCRIPT_OUTPUT_FILE_0}\"\n";
			showEnvVarsInLog = 0;
		};
/* End PBXShellScriptBuildPhase section */

/* Begin PBXSourcesBuildPhase section */
		D97ED2781F66CA1B00FEFACD /* Sources */ = {
			isa = PBXSourcesBuildPhase;
			buildActionMask = 2147483647;
			files = (
				D9D349A01F6AC60000B8D756 /* CameraCapture.swift in Sources */,
				D9D349A81F6AD99000B8D756 /* CVImageBuffer+UIImage.swift in Sources */,
				D9D349A61F6ACEB200B8D756 /* RealTimeViewController.swift in Sources */,
				D93D4B531F670C5C00E52917 /* RecognizerImageViewModel.swift in Sources */,
				D9D3499C1F6AC13500B8D756 /* Inceptionv3.mlmodel in Sources */,
				D97ED29A1F66CCC100FEFACD /* GetImageViewController.swift in Sources */,
				D93D4B5C1F67171A00E52917 /* StoryboardManager.swift in Sources */,
				D97ED2801F66CA1B00FEFACD /* AppDelegate.swift in Sources */,
				D93D4B571F67169400E52917 /* RecognizerImageViewController.swift in Sources */,
			);
			runOnlyForDeploymentPostprocessing = 0;
		};
/* End PBXSourcesBuildPhase section */

/* Begin PBXVariantGroup section */
		D97ED2881F66CA1B00FEFACD /* LaunchScreen.storyboard */ = {
			isa = PBXVariantGroup;
			children = (
				D97ED2891F66CA1B00FEFACD /* Base */,
			);
			name = LaunchScreen.storyboard;
			sourceTree = "<group>";
		};
/* End PBXVariantGroup section */

/* Begin XCBuildConfiguration section */
		D97ED28C1F66CA1B00FEFACD /* Debug */ = {
			isa = XCBuildConfiguration;
			buildSettings = {
				ALWAYS_SEARCH_USER_PATHS = NO;
				CLANG_ANALYZER_NONNULL = YES;
				CLANG_ANALYZER_NUMBER_OBJECT_CONVERSION = YES_AGGRESSIVE;
				CLANG_CXX_LANGUAGE_STANDARD = "gnu++14";
				CLANG_CXX_LIBRARY = "libc++";
				CLANG_ENABLE_MODULES = YES;
				CLANG_ENABLE_OBJC_ARC = YES;
				CLANG_WARN_BLOCK_CAPTURE_AUTORELEASING = YES;
				CLANG_WARN_BOOL_CONVERSION = YES;
				CLANG_WARN_COMMA = YES;
				CLANG_WARN_CONSTANT_CONVERSION = YES;
				CLANG_WARN_DIRECT_OBJC_ISA_USAGE = YES_ERROR;
				CLANG_WARN_DOCUMENTATION_COMMENTS = YES;
				CLANG_WARN_EMPTY_BODY = YES;
				CLANG_WARN_ENUM_CONVERSION = YES;
				CLANG_WARN_INFINITE_RECURSION = YES;
				CLANG_WARN_INT_CONVERSION = YES;
				CLANG_WARN_NON_LITERAL_NULL_CONVERSION = YES;
				CLANG_WARN_OBJC_LITERAL_CONVERSION = YES;
				CLANG_WARN_OBJC_ROOT_CLASS = YES_ERROR;
				CLANG_WARN_RANGE_LOOP_ANALYSIS = YES;
				CLANG_WARN_STRICT_PROTOTYPES = YES;
				CLANG_WARN_SUSPICIOUS_MOVE = YES;
				CLANG_WARN_UNGUARDED_AVAILABILITY = YES_AGGRESSIVE;
				CLANG_WARN_UNREACHABLE_CODE = YES;
				CLANG_WARN__DUPLICATE_METHOD_MATCH = YES;
				CODE_SIGN_IDENTITY = "iPhone Developer";
				COPY_PHASE_STRIP = NO;
				DEBUG_INFORMATION_FORMAT = dwarf;
				ENABLE_STRICT_OBJC_MSGSEND = YES;
				ENABLE_TESTABILITY = YES;
				GCC_C_LANGUAGE_STANDARD = gnu11;
				GCC_DYNAMIC_NO_PIC = NO;
				GCC_NO_COMMON_BLOCKS = YES;
				GCC_OPTIMIZATION_LEVEL = 0;
				GCC_PREPROCESSOR_DEFINITIONS = (
					"DEBUG=1",
					"$(inherited)",
				);
				GCC_WARN_64_TO_32_BIT_CONVERSION = YES;
				GCC_WARN_ABOUT_RETURN_TYPE = YES_ERROR;
				GCC_WARN_UNDECLARED_SELECTOR = YES;
				GCC_WARN_UNINITIALIZED_AUTOS = YES_AGGRESSIVE;
				GCC_WARN_UNUSED_FUNCTION = YES;
				GCC_WARN_UNUSED_VARIABLE = YES;
				IPHONEOS_DEPLOYMENT_TARGET = 11.0;
				MTL_ENABLE_DEBUG_INFO = YES;
				ONLY_ACTIVE_ARCH = YES;
				SDKROOT = iphoneos;
				SWIFT_ACTIVE_COMPILATION_CONDITIONS = DEBUG;
				SWIFT_OPTIMIZATION_LEVEL = "-Onone";
			};
			name = Debug;
		};
		D97ED28D1F66CA1B00FEFACD /* Release */ = {
			isa = XCBuildConfiguration;
			buildSettings = {
				ALWAYS_SEARCH_USER_PATHS = NO;
				CLANG_ANALYZER_NONNULL = YES;
				CLANG_ANALYZER_NUMBER_OBJECT_CONVERSION = YES_AGGRESSIVE;
				CLANG_CXX_LANGUAGE_STANDARD = "gnu++14";
				CLANG_CXX_LIBRARY = "libc++";
				CLANG_ENABLE_MODULES = YES;
				CLANG_ENABLE_OBJC_ARC = YES;
				CLANG_WARN_BLOCK_CAPTURE_AUTORELEASING = YES;
				CLANG_WARN_BOOL_CONVERSION = YES;
				CLANG_WARN_COMMA = YES;
				CLANG_WARN_CONSTANT_CONVERSION = YES;
				CLANG_WARN_DIRECT_OBJC_ISA_USAGE = YES_ERROR;
				CLANG_WARN_DOCUMENTATION_COMMENTS = YES;
				CLANG_WARN_EMPTY_BODY = YES;
				CLANG_WARN_ENUM_CONVERSION = YES;
				CLANG_WARN_INFINITE_RECURSION = YES;
				CLANG_WARN_INT_CONVERSION = YES;
				CLANG_WARN_NON_LITERAL_NULL_CONVERSION = YES;
				CLANG_WARN_OBJC_LITERAL_CONVERSION = YES;
				CLANG_WARN_OBJC_ROOT_CLASS = YES_ERROR;
				CLANG_WARN_RANGE_LOOP_ANALYSIS = YES;
				CLANG_WARN_STRICT_PROTOTYPES = YES;
				CLANG_WARN_SUSPICIOUS_MOVE = YES;
				CLANG_WARN_UNGUARDED_AVAILABILITY = YES_AGGRESSIVE;
				CLANG_WARN_UNREACHABLE_CODE = YES;
				CLANG_WARN__DUPLICATE_METHOD_MATCH = YES;
				CODE_SIGN_IDENTITY = "iPhone Developer";
				COPY_PHASE_STRIP = NO;
				DEBUG_INFORMATION_FORMAT = "dwarf-with-dsym";
				ENABLE_NS_ASSERTIONS = NO;
				ENABLE_STRICT_OBJC_MSGSEND = YES;
				GCC_C_LANGUAGE_STANDARD = gnu11;
				GCC_NO_COMMON_BLOCKS = YES;
				GCC_WARN_64_TO_32_BIT_CONVERSION = YES;
				GCC_WARN_ABOUT_RETURN_TYPE = YES_ERROR;
				GCC_WARN_UNDECLARED_SELECTOR = YES;
				GCC_WARN_UNINITIALIZED_AUTOS = YES_AGGRESSIVE;
				GCC_WARN_UNUSED_FUNCTION = YES;
				GCC_WARN_UNUSED_VARIABLE = YES;
				IPHONEOS_DEPLOYMENT_TARGET = 11.0;
				MTL_ENABLE_DEBUG_INFO = NO;
				SDKROOT = iphoneos;
				SWIFT_OPTIMIZATION_LEVEL = "-Owholemodule";
				VALIDATE_PRODUCT = YES;
			};
			name = Release;
		};
		D97ED28F1F66CA1B00FEFACD /* Debug */ = {
			isa = XCBuildConfiguration;
			baseConfigurationReference = 036C8B4A142588D74968202B /* Pods-mlExample.debug.xcconfig */;
			buildSettings = {
				ASSETCATALOG_COMPILER_APPICON_NAME = AppIcon;
				"CODE_SIGN_IDENTITY[sdk=iphoneos*]" = "iPhone Developer";
				CODE_SIGN_STYLE = Automatic;
				DEVELOPMENT_TEAM = 98845Q4AQK;
				INFOPLIST_FILE = mlExample/Info.plist;
				IPHONEOS_DEPLOYMENT_TARGET = 11.0;
				LD_RUNPATH_SEARCH_PATHS = "$(inherited) @executable_path/Frameworks";
				PRODUCT_BUNDLE_IDENTIFIER = com.zeelus.mlExamm;
				PRODUCT_NAME = "$(TARGET_NAME)";
				PROVISIONING_PROFILE_SPECIFIER = "";
				SWIFT_VERSION = 4.0;
				TARGETED_DEVICE_FAMILY = "1,2";
			};
			name = Debug;
		};
		D97ED2901F66CA1B00FEFACD /* Release */ = {
			isa = XCBuildConfiguration;
			baseConfigurationReference = 2A6DC0F01E8681A9FBD2269F /* Pods-mlExample.release.xcconfig */;
			buildSettings = {
				ASSETCATALOG_COMPILER_APPICON_NAME = AppIcon;
				"CODE_SIGN_IDENTITY[sdk=iphoneos*]" = "iPhone Developer";
				CODE_SIGN_STYLE = Automatic;
				DEVELOPMENT_TEAM = 98845Q4AQK;
				INFOPLIST_FILE = mlExample/Info.plist;
				IPHONEOS_DEPLOYMENT_TARGET = 11.0;
				LD_RUNPATH_SEARCH_PATHS = "$(inherited) @executable_path/Frameworks";
				PRODUCT_BUNDLE_IDENTIFIER = com.zeelus.mlExamm;
				PRODUCT_NAME = "$(TARGET_NAME)";
				PROVISIONING_PROFILE_SPECIFIER = "";
				SWIFT_VERSION = 4.0;
				TARGETED_DEVICE_FAMILY = "1,2";
			};
			name = Release;
		};
/* End XCBuildConfiguration section */

/* Begin XCConfigurationList section */
		D97ED2771F66CA1A00FEFACD /* Build configuration list for PBXProject "mlExample" */ = {
			isa = XCConfigurationList;
			buildConfigurations = (
				D97ED28C1F66CA1B00FEFACD /* Debug */,
				D97ED28D1F66CA1B00FEFACD /* Release */,
			);
			defaultConfigurationIsVisible = 0;
			defaultConfigurationName = Release;
		};
		D97ED28E1F66CA1B00FEFACD /* Build configuration list for PBXNativeTarget "mlExample" */ = {
			isa = XCConfigurationList;
			buildConfigurations = (
				D97ED28F1F66CA1B00FEFACD /* Debug */,
				D97ED2901F66CA1B00FEFACD /* Release */,
			);
			defaultConfigurationIsVisible = 0;
			defaultConfigurationName = Release;
		};
/* End XCConfigurationList section */
	};
	rootObject = D97ED2741F66CA1A00FEFACD /* Project object */;
}
