// !$*UTF8*$!
{
	archiveVersion = 1;
	classes = {
	};
	objectVersion = 48;
	objects = {

/* Begin PBXBuildFile section */
		D97ED2801F66CA1B00FEFACD /* AppDelegate.swift in Sources */ = {isa = PBXBuildFile; fileRef = D97ED27F1F66CA1B00FEFACD /* AppDelegate.swift */; };
		D97ED2821F66CA1B00FEFACD /* ViewController.swift in Sources */ = {isa = PBXBuildFile; fileRef = D97ED2811F66CA1B00FEFACD /* ViewController.swift */; };
		D97ED2851F66CA1B00FEFACD /* Main.storyboard in Resources */ = {isa = PBXBuildFile; fileRef = D97ED2831F66CA1B00FEFACD /* Main.storyboard */; };
		D97ED2871F66CA1B00FEFACD /* Assets.xcassets in Resources */ = {isa = PBXBuildFile; fileRef = D97ED2861F66CA1B00FEFACD /* Assets.xcassets */; };
		D97ED28A1F66CA1B00FEFACD /* LaunchScreen.storyboard in Resources */ = {isa = PBXBuildFile; fileRef = D97ED2881F66CA1B00FEFACD /* LaunchScreen.storyboard */; };
/* End PBXBuildFile section */

/* Begin PBXFileReference section */
		D97ED27C1F66CA1B00FEFACD /* mlExample.app */ = {isa = PBXFileReference; explicitFileType = wrapper.application; includeInIndex = 0; path = mlExample.app; sourceTree = BUILT_PRODUCTS_DIR; };
		D97ED27F1F66CA1B00FEFACD /* AppDelegate.swift */ = {isa = PBXFileReference; lastKnownFileType = sourcecode.swift; path = AppDelegate.swift; sourceTree = "<group>"; };
		D97ED2811F66CA1B00FEFACD /* ViewController.swift */ = {isa = PBXFileReference; lastKnownFileType = sourcecode.swift; path = ViewController.swift; sourceTree = "<group>"; };
		D97ED2841F66CA1B00FEFACD /* Base */ = {isa = PBXFileReference; lastKnownFileType = file.storyboard; name = Base; path = Base.lproj/Main.storyboard; sourceTree = "<group>"; };
		D97ED2861F66CA1B00FEFACD /* Assets.xcassets */ = {isa = PBXFileReference; lastKnownFileType = folder.assetcatalog; path = Assets.xcassets; sourceTree = "<group>"; };
		D97ED2891F66CA1B00FEFACD /* Base */ = {isa = PBXFileReference; lastKnownFileType = file.storyboard; name = Base; path = Base.lproj/LaunchScreen.storyboard; sourceTree = "<group>"; };
		D97ED28B1F66CA1B00FEFACD /* Info.plist */ = {isa = PBXFileReference; lastKnownFileType = text.plist.xml; path = Info.plist; sourceTree = "<group>"; };
/* End PBXFileReference section */

/* Begin PBXFrameworksBuildPhase section */
		D97ED2791F66CA1B00FEFACD /* Frameworks */ = {
			isa = PBXFrameworksBuildPhase;
			buildActionMask = 2147483647;
			files = (
			);
			runOnlyForDeploymentPostprocessing = 0;
		};
/* End PBXFrameworksBuildPhase section */

/* Begin PBXGroup section */
		D97ED2731F66CA1A00FEFACD = {
			isa = PBXGroup;
			children = (
				D97ED27E1F66CA1B00FEFACD /* mlExample */,
				D97ED27D1F66CA1B00FEFACD /* Products */,
			);
			sourceTree = "<group>";
		};
		D97ED27D1F66CA1B00FEFACD /* Products */ = {
			isa = PBXGroup;
			children = (
				D97ED27C1F66CA1B00FEFACD /* mlExample.app */,
			);
			name = Products;
			sourceTree = "<group>";
		};
		D97ED27E1F66CA1B00FEFACD /* mlExample */ = {
			isa = PBXGroup;
			children = (
				D97ED27F1F66CA1B00FEFACD /* AppDelegate.swift */,
				D97ED2811F66CA1B00FEFACD /* ViewController.swift */,
				D97ED2831F66CA1B00FEFACD /* Main.storyboard */,
				D97ED2861F66CA1B00FEFACD /* Assets.xcassets */,
				D97ED2881F66CA1B00FEFACD /* LaunchScreen.storyboard */,
				D97ED28B1F66CA1B00FEFACD /* Info.plist */,
			);
			path = mlExample;
			sourceTree = "<group>";
		};
/* End PBXGroup section */

/* Begin PBXNativeTarget section */
		D97ED27B1F66CA1B00FEFACD /* mlExample */ = {
			isa = PBXNativeTarget;
			buildConfigurationList = D97ED28E1F66CA1B00FEFACD /* Build configuration list for PBXNativeTarget "mlExample" */;
			buildPhases = (
				D97ED2781F66CA1B00FEFACD /* Sources */,
				D97ED2791F66CA1B00FEFACD /* Frameworks */,
				D97ED27A1F66CA1B00FEFACD /* Resources */,
			);
			buildRules = (
			);
			dependencies = (
			);
			name = mlExample;
			productName = mlExample;
			productReference = D97ED27C1F66CA1B00FEFACD /* mlExample.app */;
			productType = "com.apple.product-type.application";
		};
/* End PBXNativeTarget section */

/* Begin PBXProject section */
		D97ED2741F66CA1A00FEFACD /* Project object */ = {
			isa = PBXProject;
			attributes = {
				LastSwiftUpdateCheck = 0900;
				LastUpgradeCheck = 0900;
				ORGANIZATIONNAME = "Gilbert Gwizdała";
				TargetAttributes = {
					D97ED27B1F66CA1B00FEFACD = {
						CreatedOnToolsVersion = 9.0;
					};
				};
			};
			buildConfigurationList = D97ED2771F66CA1A00FEFACD /* Build configuration list for PBXProject "mlExample" */;
			compatibilityVersion = "Xcode 8.0";
			developmentRegion = en;
			hasScannedForEncodings = 0;
			knownRegions = (
				en,
				Base,
			);
			mainGroup = D97ED2731F66CA1A00FEFACD;
			productRefGroup = D97ED27D1F66CA1B00FEFACD /* Products */;
			projectDirPath = "";
			projectRoot = "";
			targets = (
				D97ED27B1F66CA1B00FEFACD /* mlExample */,
			);
		};
/* End PBXProject section */

/* Begin PBXResourcesBuildPhase section */
		D97ED27A1F66CA1B00FEFACD /* Resources */ = {
			isa = PBXResourcesBuildPhase;
			buildActionMask = 2147483647;
			files = (
				D97ED28A1F66CA1B00FEFACD /* LaunchScreen.storyboard in Resources */,
				D97ED2871F66CA1B00FEFACD /* Assets.xcassets in Resources */,
				D97ED2851F66CA1B00FEFACD /* Main.storyboard in Resources */,
			);
			runOnlyForDeploymentPostprocessing = 0;
		};
/* End PBXResourcesBuildPhase section */

/* Begin PBXSourcesBuildPhase section */
		D97ED2781F66CA1B00FEFACD /* Sources */ = {
			isa = PBXSourcesBuildPhase;
			buildActionMask = 2147483647;
			files = (
				D97ED2821F66CA1B00FEFACD /* ViewController.swift in Sources */,
				D97ED2801F66CA1B00FEFACD /* AppDelegate.swift in Sources */,
			);
			runOnlyForDeploymentPostprocessing = 0;
		};
/* End PBXSourcesBuildPhase section */

/* Begin PBXVariantGroup section */
		D97ED2831F66CA1B00FEFACD /* Main.storyboard */ = {
			isa = PBXVariantGroup;
			children = (
				D97ED2841F66CA1B00FEFACD /* Base */,
			);
			name = Main.storyboard;
			sourceTree = "<group>";
		};
		D97ED2881F66CA1B00FEFACD /* LaunchScreen.storyboard */ = {
			isa = PBXVariantGroup;
			children = (
				D97ED2891F66CA1B00FEFACD /* Base */,
			);
			name = LaunchScreen.storyboard;
			sourceTree = "<group>";
		};
/* End PBXVariantGroup section */

/* Begin XCBuildConfiguration section */
		D97ED28C1F66CA1B00FEFACD /* Debug */ = {
			isa = XCBuildConfiguration;
			buildSettings = {
				ALWAYS_SEARCH_USER_PATHS = NO;
				CLANG_ANALYZER_NONNULL = YES;
				CLANG_ANALYZER_NUMBER_OBJECT_CONVERSION = YES_AGGRESSIVE;
				CLANG_CXX_LANGUAGE_STANDARD = "gnu++14";
				CLANG_CXX_LIBRARY = "libc++";
				CLANG_ENABLE_MODULES = YES;
				CLANG_ENABLE_OBJC_ARC = YES;
				CLANG_WARN_BLOCK_CAPTURE_AUTORELEASING = YES;
				CLANG_WARN_BOOL_CONVERSION = YES;
				CLANG_WARN_COMMA = YES;
				CLANG_WARN_CONSTANT_CONVERSION = YES;
				CLANG_WARN_DIRECT_OBJC_ISA_USAGE = YES_ERROR;
				CLANG_WARN_DOCUMENTATION_COMMENTS = YES;
				CLANG_WARN_EMPTY_BODY = YES;
				CLANG_WARN_ENUM_CONVERSION = YES;
				CLANG_WARN_INFINITE_RECURSION = YES;
				CLANG_WARN_INT_CONVERSION = YES;
				CLANG_WARN_NON_LITERAL_NULL_CONVERSION = YES;
				CLANG_WARN_OBJC_LITERAL_CONVERSION = YES;
				CLANG_WARN_OBJC_ROOT_CLASS = YES_ERROR;
				CLANG_WARN_RANGE_LOOP_ANALYSIS = YES;
				CLANG_WARN_STRICT_PROTOTYPES = YES;
				CLANG_WARN_SUSPICIOUS_MOVE = YES;
				CLANG_WARN_UNGUARDED_AVAILABILITY = YES_AGGRESSIVE;
				CLANG_WARN_UNREACHABLE_CODE = YES;
				CLANG_WARN__DUPLICATE_METHOD_MATCH = YES;
				CODE_SIGN_IDENTITY = "iPhone Developer";
				COPY_PHASE_STRIP = NO;
				DEBUG_INFORMATION_FORMAT = dwarf;
				ENABLE_STRICT_OBJC_MSGSEND = YES;
				ENABLE_TESTABILITY = YES;
				GCC_C_LANGUAGE_STANDARD = gnu11;
				GCC_DYNAMIC_NO_PIC = NO;
				GCC_NO_COMMON_BLOCKS = YES;
				GCC_OPTIMIZATION_LEVEL = 0;
				GCC_PREPROCESSOR_DEFINITIONS = (
					"DEBUG=1",
					"$(inherited)",
				);
				GCC_WARN_64_TO_32_BIT_CONVERSION = YES;
				GCC_WARN_ABOUT_RETURN_TYPE = YES_ERROR;
				GCC_WARN_UNDECLARED_SELECTOR = YES;
				GCC_WARN_UNINITIALIZED_AUTOS = YES_AGGRESSIVE;
				GCC_WARN_UNUSED_FUNCTION = YES;
				GCC_WARN_UNUSED_VARIABLE = YES;
				IPHONEOS_DEPLOYMENT_TARGET = 11.0;
				MTL_ENABLE_DEBUG_INFO = YES;
				ONLY_ACTIVE_ARCH = YES;
				SDKROOT = iphoneos;
				SWIFT_ACTIVE_COMPILATION_CONDITIONS = DEBUG;
				SWIFT_OPTIMIZATION_LEVEL = "-Onone";
			};
			name = Debug;
		};
		D97ED28D1F66CA1B00FEFACD /* Release */ = {
			isa = XCBuildConfiguration;
			buildSettings = {
				ALWAYS_SEARCH_USER_PATHS = NO;
				CLANG_ANALYZER_NONNULL = YES;
				CLANG_ANALYZER_NUMBER_OBJECT_CONVERSION = YES_AGGRESSIVE;
				CLANG_CXX_LANGUAGE_STANDARD = "gnu++14";
				CLANG_CXX_LIBRARY = "libc++";
				CLANG_ENABLE_MODULES = YES;
				CLANG_ENABLE_OBJC_ARC = YES;
				CLANG_WARN_BLOCK_CAPTURE_AUTORELEASING = YES;
				CLANG_WARN_BOOL_CONVERSION = YES;
				CLANG_WARN_COMMA = YES;
				CLANG_WARN_CONSTANT_CONVERSION = YES;
				CLANG_WARN_DIRECT_OBJC_ISA_USAGE = YES_ERROR;
				CLANG_WARN_DOCUMENTATION_COMMENTS = YES;
				CLANG_WARN_EMPTY_BODY = YES;
				CLANG_WARN_ENUM_CONVERSION = YES;
				CLANG_WARN_INFINITE_RECURSION = YES;
				CLANG_WARN_INT_CONVERSION = YES;
				CLANG_WARN_NON_LITERAL_NULL_CONVERSION = YES;
				CLANG_WARN_OBJC_LITERAL_CONVERSION = YES;
				CLANG_WARN_OBJC_ROOT_CLASS = YES_ERROR;
				CLANG_WARN_RANGE_LOOP_ANALYSIS = YES;
				CLANG_WARN_STRICT_PROTOTYPES = YES;
				CLANG_WARN_SUSPICIOUS_MOVE = YES;
				CLANG_WARN_UNGUARDED_AVAILABILITY = YES_AGGRESSIVE;
				CLANG_WARN_UNREACHABLE_CODE = YES;
				CLANG_WARN__DUPLICATE_METHOD_MATCH = YES;
				CODE_SIGN_IDENTITY = "iPhone Developer";
				COPY_PHASE_STRIP = NO;
				DEBUG_INFORMATION_FORMAT = "dwarf-with-dsym";
				ENABLE_NS_ASSERTIONS = NO;
				ENABLE_STRICT_OBJC_MSGSEND = YES;
				GCC_C_LANGUAGE_STANDARD = gnu11;
				GCC_NO_COMMON_BLOCKS = YES;
				GCC_WARN_64_TO_32_BIT_CONVERSION = YES;
				GCC_WARN_ABOUT_RETURN_TYPE = YES_ERROR;
				GCC_WARN_UNDECLARED_SELECTOR = YES;
				GCC_WARN_UNINITIALIZED_AUTOS = YES_AGGRESSIVE;
				GCC_WARN_UNUSED_FUNCTION = YES;
				GCC_WARN_UNUSED_VARIABLE = YES;
				IPHONEOS_DEPLOYMENT_TARGET = 11.0;
				MTL_ENABLE_DEBUG_INFO = NO;
				SDKROOT = iphoneos;
				SWIFT_OPTIMIZATION_LEVEL = "-Owholemodule";
				VALIDATE_PRODUCT = YES;
			};
			name = Release;
		};
		D97ED28F1F66CA1B00FEFACD /* Debug */ = {
			isa = XCBuildConfiguration;
			buildSettings = {
				ASSETCATALOG_COMPILER_APPICON_NAME = AppIcon;
				DEVELOPMENT_TEAM = 98845Q4AQK;
				INFOPLIST_FILE = mlExample/Info.plist;
				LD_RUNPATH_SEARCH_PATHS = "$(inherited) @executable_path/Frameworks";
				PRODUCT_BUNDLE_IDENTIFIER = com.zeelus.mlExample;
				PRODUCT_NAME = "$(TARGET_NAME)";
				SWIFT_VERSION = 4.0;
				TARGETED_DEVICE_FAMILY = "1,2";
			};
			name = Debug;
		};
		D97ED2901F66CA1B00FEFACD /* Release */ = {
			isa = XCBuildConfiguration;
			buildSettings = {
				ASSETCATALOG_COMPILER_APPICON_NAME = AppIcon;
				DEVELOPMENT_TEAM = 98845Q4AQK;
				INFOPLIST_FILE = mlExample/Info.plist;
				LD_RUNPATH_SEARCH_PATHS = "$(inherited) @executable_path/Frameworks";
				PRODUCT_BUNDLE_IDENTIFIER = com.zeelus.mlExample;
				PRODUCT_NAME = "$(TARGET_NAME)";
				SWIFT_VERSION = 4.0;
				TARGETED_DEVICE_FAMILY = "1,2";
			};
			name = Release;
		};
/* End XCBuildConfiguration section */

/* Begin XCConfigurationList section */
		D97ED2771F66CA1A00FEFACD /* Build configuration list for PBXProject "mlExample" */ = {
			isa = XCConfigurationList;
			buildConfigurations = (
				D97ED28C1F66CA1B00FEFACD /* Debug */,
				D97ED28D1F66CA1B00FEFACD /* Release */,
			);
			defaultConfigurationIsVisible = 0;
			defaultConfigurationName = Release;
		};
		D97ED28E1F66CA1B00FEFACD /* Build configuration list for PBXNativeTarget "mlExample" */ = {
			isa = XCConfigurationList;
			buildConfigurations = (
				D97ED28F1F66CA1B00FEFACD /* Debug */,
				D97ED2901F66CA1B00FEFACD /* Release */,
			);
			defaultConfigurationIsVisible = 0;
			defaultConfigurationName = Release;
		};
/* End XCConfigurationList section */
	};
	rootObject = D97ED2741F66CA1A00FEFACD /* Project object */;
}
